# THIS IS AN AUTOGENERATED FILE. DO NOT EDIT THIS FILE DIRECTLY.
# yarn lockfile v1


"@babel/runtime@^7.10.5", "@babel/runtime@^7.14.0":
  version "7.14.6"
  resolved "https://registry.yarnpkg.com/@babel/runtime/-/runtime-7.14.6.tgz#535203bc0892efc7dec60bdc27b2ecf6e409062d"
  integrity sha512-/PCB2uJ7oM44tz8YhC4Z/6PeOKXp4K588f+5M3clr1M4zbqztlo0XEfJ2LEzj/FgwfgGcIdl8n7YYjTCI0BYwg==
  dependencies:
    regenerator-runtime "^0.13.4"

"@emotion/is-prop-valid@^0.8.7":
  version "0.8.8"
  resolved "https://registry.yarnpkg.com/@emotion/is-prop-valid/-/is-prop-valid-0.8.8.tgz#db28b1c4368a259b60a97311d6a952d4fd01ac1a"
  integrity sha512-u5WtneEAr5IDG2Wv65yhunPSMLIpuKsbuOktRojfrEiEvRyC85LgPMZI63cr7NUqT8ZIGdSVg8ZKGxIug4lXcA==
  dependencies:
    "@emotion/memoize" "0.7.4"

"@emotion/memoize@0.7.4":
  version "0.7.4"
  resolved "https://registry.yarnpkg.com/@emotion/memoize/-/memoize-0.7.4.tgz#19bf0f5af19149111c40d98bb0cf82119f5d9eeb"
  integrity sha512-Ja/Vfqe3HpuzRsG1oBtWTHk2PGZ7GR+2Vz5iYGelAw8dx32K0y7PjVuxK6z1nMpZOqAFsRUPCkK1YjJ56qJlgw==

"@styled-icons/heroicons-solid@^10.34.0":
  version "10.34.0"
  resolved "https://registry.yarnpkg.com/@styled-icons/heroicons-solid/-/heroicons-solid-10.34.0.tgz#1698aab34b9f0250a5b3143e614c4727e29ca953"
  integrity sha512-TmksktyCPv0nf/xg3S0pryYfCRkgpGtAfkJd9rKF4NlrJw9HWx1Ha6KrOKIwu0cvmn9vvjU8L4+2wVBD6XXdjA==
  dependencies:
    "@babel/runtime" "^7.14.0"
    "@styled-icons/styled-icon" "^10.6.3"

"@styled-icons/styled-icon@^10.6.3":
  version "10.6.3"
  resolved "https://registry.yarnpkg.com/@styled-icons/styled-icon/-/styled-icon-10.6.3.tgz#eae0e5e18fd601ac47e821bb9c2e099810e86403"
  integrity sha512-/A95L3peioLoWFiy+/eKRhoQ9r/oRrN/qzbSX4hXU1nGP2rUXcX3LWUhoBNAOp9Rw38ucc/4ralY427UUNtcGQ==
  dependencies:
    "@babel/runtime" "^7.10.5"
    "@emotion/is-prop-valid" "^0.8.7"

regenerator-runtime@^0.13.4:
  version "0.13.7"
  resolved "https://registry.yarnpkg.com/regenerator-runtime/-/regenerator-runtime-0.13.7.tgz#cac2dacc8a1ea675feaabaeb8ae833898ae46f55"
  integrity sha512-a54FxoJDIr27pgf7IgeQGxmqUNYrcV338lf/6gH456HZ/PhX+5BcwHXG9ajESmwe6WRO0tAzRUrRmNONWgkrew==
